version = 1
revision = 2
requires-python = ">=3.13"

[[package]]
name = "attrs"
version = "25.3.0"
source = { registry = "https://pypi.org/simple" }
sdist = { url = "https://files.pythonhosted.org/packages/5a/b0/1367933a8532ee6ff8d63537de4f1177af4bff9f3e829baf7331f595bb24/attrs-25.3.0.tar.gz", hash = "sha256:75d7cefc7fb576747b2c81b4442d4d4a1ce0900973527c011d1030fd3bf4af1b", size = 812032, upload-time = "2025-03-13T11:10:22.779Z" }
wheels = [
    { url = "https://files.pythonhosted.org/packages/77/06/bb80f5f86020c4551da315d78b3ab75e8228f89f0162f2c3a819e407941a/attrs-25.3.0-py3-none-any.whl", hash = "sha256:427318ce031701fea540783410126f03899a97ffc6f61596ad581ac2e40e3bc3", size = 63815, upload-time = "2025-03-13T11:10:21.14Z" },
]

[[package]]
name = "automat"
version = "25.4.16"
source = { registry = "https://pypi.org/simple" }
sdist = { url = "https://files.pythonhosted.org/packages/e3/0f/d40bbe294bbf004d436a8bcbcfaadca8b5140d39ad0ad3d73d1a8ba15f14/automat-25.4.16.tar.gz", hash = "sha256:0017591a5477066e90d26b0e696ddc143baafd87b588cfac8100bc6be9634de0", size = 129977, upload-time = "2025-04-16T20:12:16.002Z" }
wheels = [
    { url = "https://files.pythonhosted.org/packages/02/ff/1175b0b7371e46244032d43a56862d0af455823b5280a50c63d99cc50f18/automat-25.4.16-py3-none-any.whl", hash = "sha256:04e9bce696a8d5671ee698005af6e5a9fa15354140a87f4870744604dcdd3ba1", size = 42842, upload-time = "2025-04-16T20:12:14.447Z" },
]

[[package]]
name = "constantly"
version = "23.10.4"
source = { registry = "https://pypi.org/simple" }
sdist = { url = "https://files.pythonhosted.org/packages/4d/6f/cb2a94494ff74aa9528a36c5b1422756330a75a8367bf20bd63171fc324d/constantly-23.10.4.tar.gz", hash = "sha256:aa92b70a33e2ac0bb33cd745eb61776594dc48764b06c35e0efd050b7f1c7cbd", size = 13300, upload-time = "2023-10-28T23:18:24.316Z" }
wheels = [
    { url = "https://files.pythonhosted.org/packages/b8/40/c199d095151addf69efdb4b9ca3a4f20f70e20508d6222bffb9b76f58573/constantly-23.10.4-py3-none-any.whl", hash = "sha256:3fd9b4d1c3dc1ec9757f3c52aef7e53ad9323dbe39f51dfd4c43853b68dfa3f9", size = 13547, upload-time = "2023-10-28T23:18:23.038Z" },
]

[[package]]
name = "dnspython"
version = "2.7.0"
source = { registry = "https://pypi.org/simple" }
sdist = { url = "https://files.pythonhosted.org/packages/b5/4a/263763cb2ba3816dd94b08ad3a33d5fdae34ecb856678773cc40a3605829/dnspython-2.7.0.tar.gz", hash = "sha256:ce9c432eda0dc91cf618a5cedf1a4e142651196bbcd2c80e89ed5a907e5cfaf1", size = 345197, upload-time = "2024-10-05T20:14:59.362Z" }
wheels = [
    { url = "https://files.pythonhosted.org/packages/68/1b/e0a87d256e40e8c888847551b20a017a6b98139178505dc7ffb96f04e954/dnspython-2.7.0-py3-none-any.whl", hash = "sha256:b4c34b7d10b51bcc3a5071e7b8dee77939f1e878477eeecc965e9835f63c6c86", size = 313632, upload-time = "2024-10-05T20:14:57.687Z" },
]

[[package]]
name = "hyperlink"
version = "21.0.0"
source = { registry = "https://pypi.org/simple" }
dependencies = [
    { name = "idna" },
]
sdist = { url = "https://files.pythonhosted.org/packages/3a/51/1947bd81d75af87e3bb9e34593a4cf118115a8feb451ce7a69044ef1412e/hyperlink-21.0.0.tar.gz", hash = "sha256:427af957daa58bc909471c6c40f74c5450fa123dd093fc53efd2e91d2705a56b", size = 140743, upload-time = "2021-01-08T05:51:20.972Z" }
wheels = [
    { url = "https://files.pythonhosted.org/packages/6e/aa/8caf6a0a3e62863cbb9dab27135660acba46903b703e224f14f447e57934/hyperlink-21.0.0-py2.py3-none-any.whl", hash = "sha256:e6b14c37ecb73e89c77d78cdb4c2cc8f3fb59a885c5b3f819ff4ed80f25af1b4", size = 74638, upload-time = "2021-01-08T05:51:22.906Z" },
]

[[package]]
name = "idna"
version = "3.10"
source = { registry = "https://pypi.org/simple" }
sdist = { url = "https://files.pythonhosted.org/packages/f1/70/7703c29685631f5a7590aa73f1f1d3fa9a380e654b86af429e0934a32f7d/idna-3.10.tar.gz", hash = "sha256:12f65c9b470abda6dc35cf8e63cc574b1c52b11df2c86030af0ac09b01b13ea9", size = 190490, upload-time = "2024-09-15T18:07:39.745Z" }
wheels = [
    { url = "https://files.pythonhosted.org/packages/76/c6/c88e154df9c4e1a2a66ccf0005a88dfb2650c1dffb6f5ce603dfbd452ce3/idna-3.10-py3-none-any.whl", hash = "sha256:946d195a0d259cbba61165e88e65941f16e9b36ea6ddb97f00452bae8b1287d3", size = 70442, upload-time = "2024-09-15T18:07:37.964Z" },
]

[[package]]
name = "incremental"
version = "24.7.2"
source = { registry = "https://pypi.org/simple" }
dependencies = [
    { name = "setuptools" },
]
sdist = { url = "https://files.pythonhosted.org/packages/27/87/156b374ff6578062965afe30cc57627d35234369b3336cf244b240c8d8e6/incremental-24.7.2.tar.gz", hash = "sha256:fb4f1d47ee60efe87d4f6f0ebb5f70b9760db2b2574c59c8e8912be4ebd464c9", size = 28157, upload-time = "2024-07-29T20:03:55.441Z" }
wheels = [
    { url = "https://files.pythonhosted.org/packages/0d/38/221e5b2ae676a3938c2c1919131410c342b6efc2baffeda395dd66eeca8f/incremental-24.7.2-py3-none-any.whl", hash = "sha256:8cb2c3431530bec48ad70513931a760f446ad6c25e8333ca5d95e24b0ed7b8fe", size = 20516, upload-time = "2024-07-29T20:03:53.677Z" },
]

[[package]]
name = "librechat-exporter"
version = "2.0.0"
source = { virtual = "." }
dependencies = [
    { name = "mysql-connector-python" },
    { name = "prometheus-client" },
    { name = "pymongo" },
    { name = "python-dateutil" },
    { name = "python-dotenv" },
    { name = "twisted" },
]

[package.metadata]
requires-dist = [
    { name = "mysql-connector-python", specifier = "==9.4.0" },
    { name = "prometheus-client", specifier = "==0.22.1" },
    { name = "pymongo", specifier = "==4.13.2" },
    { name = "python-dateutil", specifier = "==2.9.0.post0" },
    { name = "python-dotenv", specifier = "==1.1.1" },
    { name = "twisted", specifier = "==25.5.0" },
]

[[package]]
name = "mysql-connector-python"
version = "9.4.0"
source = { registry = "https://pypi.org/simple" }
sdist = { url = "https://files.pythonhosted.org/packages/02/77/2b45e6460d05b1f1b7a4c8eb79a50440b4417971973bb78c9ef6cad630a6/mysql_connector_python-9.4.0.tar.gz", hash = "sha256:d111360332ae78933daf3d48ff497b70739aa292ab0017791a33e826234e743b", size = 12185532, upload-time = "2025-07-22T08:02:05.788Z" }
wheels = [
    { url = "https://files.pythonhosted.org/packages/79/e2/13036479cd1070d1080cee747de6c96bd6fbb021b736dd3ccef2b19016c8/mysql_connector_python-9.4.0-cp313-cp313-macosx_14_0_arm64.whl", hash = "sha256:fde3bbffb5270a4b02077029914e6a9d2ec08f67d8375b4111432a2778e7540b", size = 17503749, upload-time = "2025-07-22T07:58:33.649Z" },
    { url = "https://files.pythonhosted.org/packages/31/df/b89e6551b91332716d384dcc3223e1f8065902209dcd9e477a3df80154f7/mysql_connector_python-9.4.0-cp313-cp313-macosx_14_0_x86_64.whl", hash = "sha256:25f77ad7d845df3b5a5a3a6a8d1fed68248dc418a6938a371d1ddaaab6b9a8e3", size = 18372145, upload-time = "2025-07-22T07:58:37.384Z" },
    { url = "https://files.pythonhosted.org/packages/07/bd/af0de40a01d5cb4df19318cc018e64666f2b7fa89bffa1ab5b35337aae2c/mysql_connector_python-9.4.0-cp313-cp313-manylinux_2_28_aarch64.whl", hash = "sha256:227dd420c71e6d4788d52d98f298e563f16b6853577e5ade4bd82d644257c812", size = 33516503, upload-time = "2025-07-22T07:58:41.987Z" },
    { url = "https://files.pythonhosted.org/packages/d1/9b/712053216fcbe695e519ecb1035ffd767c2de9f51ccba15078537c99d6fa/mysql_connector_python-9.4.0-cp313-cp313-manylinux_2_28_x86_64.whl", hash = "sha256:5163381a312d38122eded2197eb5cd7ccf1a5c5881d4e7a6de10d6ea314d088e", size = 33918904, upload-time = "2025-07-22T07:58:46.796Z" },
    { url = "https://files.pythonhosted.org/packages/64/15/cbd996d425c59811849f3c1d1b1dae089a1ae18c4acd4d8de2b847b772df/mysql_connector_python-9.4.0-cp313-cp313-win_amd64.whl", hash = "sha256:c727cb1f82b40c9aaa7a15ab5cf0a7f87c5d8dce32eab5ff2530a4aa6054e7df", size = 16392566, upload-time = "2025-07-22T07:58:50.223Z" },
    { url = "https://files.pythonhosted.org/packages/36/34/b6165e15fd45a8deb00932d8e7d823de7650270873b4044c4db6688e1d8f/mysql_connector_python-9.4.0-py2.py3-none-any.whl", hash = "sha256:56e679169c704dab279b176fab2a9ee32d2c632a866c0f7cd48a8a1e2cf802c4", size = 406574, upload-time = "2025-07-22T07:59:08.394Z" },
]

[[package]]
name = "prometheus-client"
version = "0.22.1"
source = { registry = "https://pypi.org/simple" }
sdist = { url = "https://files.pythonhosted.org/packages/5e/cf/40dde0a2be27cc1eb41e333d1a674a74ce8b8b0457269cc640fd42b07cf7/prometheus_client-0.22.1.tar.gz", hash = "sha256:190f1331e783cf21eb60bca559354e0a4d4378facecf78f5428c39b675d20d28", size = 69746, upload-time = "2025-06-02T14:29:01.152Z" }
wheels = [
    { url = "https://files.pythonhosted.org/packages/32/ae/ec06af4fe3ee72d16973474f122541746196aaa16cea6f66d18b963c6177/prometheus_client-0.22.1-py3-none-any.whl", hash = "sha256:cca895342e308174341b2cbf99a56bef291fbc0ef7b9e5412a0f26d653ba7094", size = 58694, upload-time = "2025-06-02T14:29:00.068Z" },
]

[[package]]
name = "pymongo"
version = "4.13.2"
source = { registry = "https://pypi.org/simple" }
dependencies = [
    { name = "dnspython" },
]
sdist = { url = "https://files.pythonhosted.org/packages/4b/5a/d664298bf54762f0c89b8aa2c276868070e06afb853b4a8837de5741e5f9/pymongo-4.13.2.tar.gz", hash = "sha256:0f64c6469c2362962e6ce97258ae1391abba1566a953a492562d2924b44815c2", size = 2167844, upload-time = "2025-06-16T18:16:30.685Z" }
wheels = [
    { url = "https://files.pythonhosted.org/packages/e0/95/b44b8e24b161afe7b244f6d43c09a7a1f93308cad04198de1c14c67b24ce/pymongo-4.13.2-cp313-cp313-macosx_10_13_x86_64.whl", hash = "sha256:d6044ca0eb74d97f7d3415264de86a50a401b7b0b136d30705f022f9163c3124", size = 966232, upload-time = "2025-06-16T18:15:33.057Z" },
    { url = "https://files.pythonhosted.org/packages/6d/fc/d4d59799a52033acb187f7bd1f09bc75bebb9fd12cef4ba2964d235ad3f9/pymongo-4.13.2-cp313-cp313-macosx_11_0_arm64.whl", hash = "sha256:dd326bcb92d28d28a3e7ef0121602bad78691b6d4d1f44b018a4616122f1ba8b", size = 965935, upload-time = "2025-06-16T18:15:34.826Z" },
    { url = "https://files.pythonhosted.org/packages/07/a8/67502899d89b317ea9952e4769bc193ca15efee561b24b38a86c59edde6f/pymongo-4.13.2-cp313-cp313-manylinux_2_17_aarch64.manylinux2014_aarch64.whl", hash = "sha256:dfb0c21bdd58e58625c9cd8de13e859630c29c9537944ec0a14574fdf88c2ac4", size = 1954070, upload-time = "2025-06-16T18:15:36.576Z" },
    { url = "https://files.pythonhosted.org/packages/da/3b/0dac5d81d1af1b96b3200da7ccc52fc261a35efb7d2ac493252eb40a2b11/pymongo-4.13.2-cp313-cp313-manylinux_2_17_ppc64le.manylinux2014_ppc64le.whl", hash = "sha256:c9c7d345d57f17b1361008aea78a37e8c139631a46aeb185dd2749850883c7ba", size = 2031424, upload-time = "2025-06-16T18:15:38.723Z" },
    { url = "https://files.pythonhosted.org/packages/31/ed/7a5af49a153224ca7e31e9915703e612ad9c45808cc39540e9dd1a2a7537/pymongo-4.13.2-cp313-cp313-manylinux_2_17_s390x.manylinux2014_s390x.whl", hash = "sha256:8860445a8da1b1545406fab189dc20319aff5ce28e65442b2b4a8f4228a88478", size = 1995339, upload-time = "2025-06-16T18:15:40.474Z" },
    { url = "https://files.pythonhosted.org/packages/f1/e9/9c72eceae8439c4f1bdebc4e6b290bf035e3f050a80eeb74abb5e12ef8e2/pymongo-4.13.2-cp313-cp313-manylinux_2_17_x86_64.manylinux2014_x86_64.whl", hash = "sha256:01c184b612f67d5a4c8f864ae7c40b6cc33c0e9bb05e39d08666f8831d120504", size = 1956066, upload-time = "2025-06-16T18:15:42.272Z" },
    { url = "https://files.pythonhosted.org/packages/ac/79/9b019c47923395d5fced03856996465fb9340854b0f5a2ddf16d47e2437c/pymongo-4.13.2-cp313-cp313-manylinux_2_5_i686.manylinux1_i686.manylinux_2_17_i686.manylinux2014_i686.whl", hash = "sha256:ae2ea8c62d5f3c6529407c12471385d9a05f9fb890ce68d64976340c85cd661b", size = 1905642, upload-time = "2025-06-16T18:15:43.978Z" },
    { url = "https://files.pythonhosted.org/packages/93/2f/ebf56c7fa9298fa2f9716e7b66cf62b29e7fc6e11774f3b87f55d214d466/pymongo-4.13.2-cp313-cp313-win32.whl", hash = "sha256:d13556e91c4a8cb07393b8c8be81e66a11ebc8335a40fa4af02f4d8d3b40c8a1", size = 930184, upload-time = "2025-06-16T18:15:46.899Z" },
    { url = "https://files.pythonhosted.org/packages/76/2f/49c35464cbd5d116d950ff5d24b4b20491aaae115d35d40b945c33b29250/pymongo-4.13.2-cp313-cp313-win_amd64.whl", hash = "sha256:cfc69d7bc4d4d5872fd1e6de25e6a16e2372c7d5556b75c3b8e2204dce73e3fb", size = 955111, upload-time = "2025-06-16T18:15:48.85Z" },
    { url = "https://files.pythonhosted.org/packages/57/56/b17c8b5329b1842b7847cf0fa224ef0a272bf2e5126360f4da8065c855a1/pymongo-4.13.2-cp313-cp313t-macosx_10_13_x86_64.whl", hash = "sha256:a457d2ac34c05e9e8a6bb724115b093300bf270f0655fb897df8d8604b2e3700", size = 1022735, upload-time = "2025-06-16T18:15:50.672Z" },
    { url = "https://files.pythonhosted.org/packages/83/e6/66fec65a7919bf5f35be02e131b4dc4bf3152b5e8d78cd04b6d266a44514/pymongo-4.13.2-cp313-cp313t-macosx_11_0_arm64.whl", hash = "sha256:02f131a6e61559613b1171b53fbe21fed64e71b0cb4858c47fc9bc7c8e0e501c", size = 1022740, upload-time = "2025-06-16T18:15:53.218Z" },
    { url = "https://files.pythonhosted.org/packages/17/92/cda7383df0d5e71dc007f172c1ecae6313d64ea05d82bbba06df7f6b3e49/pymongo-4.13.2-cp313-cp313t-manylinux_2_17_aarch64.manylinux2014_aarch64.whl", hash = "sha256:8c942d1c6334e894271489080404b1a2e3b8bd5de399f2a0c14a77d966be5bc9", size = 2282430, upload-time = "2025-06-16T18:15:55.356Z" },
    { url = "https://files.pythonhosted.org/packages/84/da/285e05eb1d617b30dc7a7a98ebeb264353a8903e0e816a4eec6487c81f18/pymongo-4.13.2-cp313-cp313t-manylinux_2_17_ppc64le.manylinux2014_ppc64le.whl", hash = "sha256:850168d115680ab66a0931a6aa9dd98ed6aa5e9c3b9a6c12128049b9a5721bc5", size = 2369470, upload-time = "2025-06-16T18:15:57.5Z" },
    { url = "https://files.pythonhosted.org/packages/89/c0/c0d5eae236de9ca293497dc58fc1e4872382223c28ec223f76afc701392c/pymongo-4.13.2-cp313-cp313t-manylinux_2_17_s390x.manylinux2014_s390x.whl", hash = "sha256:af7dfff90647ee77c53410f7fe8ca4fe343f8b768f40d2d0f71a5602f7b5a541", size = 2328857, upload-time = "2025-06-16T18:15:59.59Z" },
    { url = "https://files.pythonhosted.org/packages/2b/5a/d8639fba60def128ce9848b99c56c54c8a4d0cd60342054cd576f0bfdf26/pymongo-4.13.2-cp313-cp313t-manylinux_2_17_x86_64.manylinux2014_x86_64.whl", hash = "sha256:f8057f9bc9c94a8fd54ee4f5e5106e445a8f406aff2df74746f21c8791ee2403", size = 2280053, upload-time = "2025-06-16T18:16:02.166Z" },
    { url = "https://files.pythonhosted.org/packages/a1/69/d56f0897cc4932a336820c5d2470ffed50be04c624b07d1ad6ea75aaa975/pymongo-4.13.2-cp313-cp313t-manylinux_2_5_i686.manylinux1_i686.manylinux_2_17_i686.manylinux2014_i686.whl", hash = "sha256:51040e1ba78d6671f8c65b29e2864483451e789ce93b1536de9cc4456ede87fa", size = 2219378, upload-time = "2025-06-16T18:16:04.108Z" },
    { url = "https://files.pythonhosted.org/packages/04/1e/427e7f99801ee318b6331062d682d3816d7e1d6b6013077636bd75d49c87/pymongo-4.13.2-cp313-cp313t-win32.whl", hash = "sha256:7ab86b98a18c8689514a9f8d0ec7d9ad23a949369b31c9a06ce4a45dcbffcc5e", size = 979460, upload-time = "2025-06-16T18:16:06.128Z" },
    { url = "https://files.pythonhosted.org/packages/b5/9c/00301a6df26f0f8d5c5955192892241e803742e7c3da8c2c222efabc0df6/pymongo-4.13.2-cp313-cp313t-win_amd64.whl", hash = "sha256:c38168263ed94a250fc5cf9c6d33adea8ab11c9178994da1c3481c2a49d235f8", size = 1011057, upload-time = "2025-06-16T18:16:07.917Z" },
]

[[package]]
name = "python-dateutil"
version = "2.9.0.post0"
source = { registry = "https://pypi.org/simple" }
dependencies = [
    { name = "six" },
]
sdist = { url = "https://files.pythonhosted.org/packages/66/c0/0c8b6ad9f17a802ee498c46e004a0eb49bc148f2fd230864601a86dcf6db/python-dateutil-2.9.0.post0.tar.gz", hash = "sha256:37dd54208da7e1cd875388217d5e00ebd4179249f90fb72437e91a35459a0ad3", size = 342432, upload-time = "2024-03-01T18:36:20.211Z" }
wheels = [
    { url = "https://files.pythonhosted.org/packages/ec/57/56b9bcc3c9c6a792fcbaf139543cee77261f3651ca9da0c93f5c1221264b/python_dateutil-2.9.0.post0-py2.py3-none-any.whl", hash = "sha256:a8b2bc7bffae282281c8140a97d3aa9c14da0b136dfe83f850eea9a5f7470427", size = 229892, upload-time = "2024-03-01T18:36:18.57Z" },
]

[[package]]
name = "python-dotenv"
version = "1.1.1"
source = { registry = "https://pypi.org/simple" }
sdist = { url = "https://files.pythonhosted.org/packages/f6/b0/4bc07ccd3572a2f9df7e6782f52b0c6c90dcbb803ac4a167702d7d0dfe1e/python_dotenv-1.1.1.tar.gz", hash = "sha256:a8a6399716257f45be6a007360200409fce5cda2661e3dec71d23dc15f6189ab", size = 41978, upload-time = "2025-06-24T04:21:07.341Z" }
wheels = [
    { url = "https://files.pythonhosted.org/packages/5f/ed/539768cf28c661b5b068d66d96a2f155c4971a5d55684a514c1a0e0dec2f/python_dotenv-1.1.1-py3-none-any.whl", hash = "sha256:31f23644fe2602f88ff55e1f5c79ba497e01224ee7737937930c448e4d0e24dc", size = 20556, upload-time = "2025-06-24T04:21:06.073Z" },
]

[[package]]
name = "setuptools"
version = "80.9.0"
source = { registry = "https://pypi.org/simple" }
sdist = { url = "https://files.pythonhosted.org/packages/18/5d/3bf57dcd21979b887f014ea83c24ae194cfcd12b9e0fda66b957c69d1fca/setuptools-80.9.0.tar.gz", hash = "sha256:f36b47402ecde768dbfafc46e8e4207b4360c654f1f3bb84475f0a28628fb19c", size = 1319958, upload-time = "2025-05-27T00:56:51.443Z" }
wheels = [
    { url = "https://files.pythonhosted.org/packages/a3/dc/17031897dae0efacfea57dfd3a82fdd2a2aeb58e0ff71b77b87e44edc772/setuptools-80.9.0-py3-none-any.whl", hash = "sha256:062d34222ad13e0cc312a4c02d73f059e86a4acbfbdea8f8f76b28c99f306922", size = 1201486, upload-time = "2025-05-27T00:56:49.664Z" },
]

[[package]]
name = "six"
version = "1.17.0"
source = { registry = "https://pypi.org/simple" }
sdist = { url = "https://files.pythonhosted.org/packages/94/e7/b2c673351809dca68a0e064b6af791aa332cf192da575fd474ed7d6f16a2/six-1.17.0.tar.gz", hash = "sha256:ff70335d468e7eb6ec65b95b99d3a2836546063f63acc5171de367e834932a81", size = 34031, upload-time = "2024-12-04T17:35:28.174Z" }
wheels = [
    { url = "https://files.pythonhosted.org/packages/b7/ce/149a00dd41f10bc29e5921b496af8b574d8413afcd5e30dfa0ed46c2cc5e/six-1.17.0-py2.py3-none-any.whl", hash = "sha256:4721f391ed90541fddacab5acf947aa0d3dc7d27b2e1e8eda2be8970586c3274", size = 11050, upload-time = "2024-12-04T17:35:26.475Z" },
]

[[package]]
name = "twisted"
version = "25.5.0"
source = { registry = "https://pypi.org/simple" }
dependencies = [
    { name = "attrs" },
    { name = "automat" },
    { name = "constantly" },
    { name = "hyperlink" },
    { name = "incremental" },
    { name = "typing-extensions" },
    { name = "zope-interface" },
]
sdist = { url = "https://files.pythonhosted.org/packages/13/0f/82716ed849bf7ea4984c21385597c949944f0f9b428b5710f79d0afc084d/twisted-25.5.0.tar.gz", hash = "sha256:1deb272358cb6be1e3e8fc6f9c8b36f78eb0fa7c2233d2dbe11ec6fee04ea316", size = 3545725, upload-time = "2025-06-07T09:52:24.858Z" }
wheels = [
    { url = "https://files.pythonhosted.org/packages/eb/66/ab7efd8941f0bc7b2bd555b0f0471bff77df4c88e0cc31120c82737fec77/twisted-25.5.0-py3-none-any.whl", hash = "sha256:8559f654d01a54a8c3efe66d533d43f383531ebf8d81d9f9ab4769d91ca15df7", size = 3204767, upload-time = "2025-06-07T09:52:21.428Z" },
]

[[package]]
name = "typing-extensions"
version = "4.14.1"
source = { registry = "https://pypi.org/simple" }
sdist = { url = "https://files.pythonhosted.org/packages/98/5a/da40306b885cc8c09109dc2e1abd358d5684b1425678151cdaed4731c822/typing_extensions-4.14.1.tar.gz", hash = "sha256:38b39f4aeeab64884ce9f74c94263ef78f3c22467c8724005483154c26648d36", size = 107673, upload-time = "2025-07-04T13:28:34.16Z" }
wheels = [
    { url = "https://files.pythonhosted.org/packages/b5/00/d631e67a838026495268c2f6884f3711a15a9a2a96cd244fdaea53b823fb/typing_extensions-4.14.1-py3-none-any.whl", hash = "sha256:d1e1e3b58374dc93031d6eda2420a48ea44a36c2b4766a4fdeb3710755731d76", size = 43906, upload-time = "2025-07-04T13:28:32.743Z" },
]

[[package]]
name = "zope-interface"
version = "7.2"
source = { registry = "https://pypi.org/simple" }
dependencies = [
    { name = "setuptools" },
]
sdist = { url = "https://files.pythonhosted.org/packages/30/93/9210e7606be57a2dfc6277ac97dcc864fd8d39f142ca194fdc186d596fda/zope.interface-7.2.tar.gz", hash = "sha256:8b49f1a3d1ee4cdaf5b32d2e738362c7f5e40ac8b46dd7d1a65e82a4872728fe", size = 252960, upload-time = "2024-11-28T08:45:39.224Z" }
wheels = [
    { url = "https://files.pythonhosted.org/packages/c6/3b/e309d731712c1a1866d61b5356a069dd44e5b01e394b6cb49848fa2efbff/zope.interface-7.2-cp313-cp313-macosx_10_9_x86_64.whl", hash = "sha256:3e0350b51e88658d5ad126c6a57502b19d5f559f6cb0a628e3dc90442b53dd98", size = 208961, upload-time = "2024-11-28T08:48:29.865Z" },
    { url = "https://files.pythonhosted.org/packages/49/65/78e7cebca6be07c8fc4032bfbb123e500d60efdf7b86727bb8a071992108/zope.interface-7.2-cp313-cp313-macosx_11_0_arm64.whl", hash = "sha256:15398c000c094b8855d7d74f4fdc9e73aa02d4d0d5c775acdef98cdb1119768d", size = 209356, upload-time = "2024-11-28T08:48:33.297Z" },
    { url = "https://files.pythonhosted.org/packages/11/b1/627384b745310d082d29e3695db5f5a9188186676912c14b61a78bbc6afe/zope.interface-7.2-cp313-cp313-manylinux_2_17_aarch64.manylinux2014_aarch64.whl", hash = "sha256:802176a9f99bd8cc276dcd3b8512808716492f6f557c11196d42e26c01a69a4c", size = 264196, upload-time = "2024-11-28T09:18:17.584Z" },
    { url = "https://files.pythonhosted.org/packages/b8/f6/54548df6dc73e30ac6c8a7ff1da73ac9007ba38f866397091d5a82237bd3/zope.interface-7.2-cp313-cp313-manylinux_2_5_i686.manylinux1_i686.manylinux_2_17_i686.manylinux2014_i686.whl", hash = "sha256:eb23f58a446a7f09db85eda09521a498e109f137b85fb278edb2e34841055398", size = 259237, upload-time = "2024-11-28T08:48:31.71Z" },
    { url = "https://files.pythonhosted.org/packages/b6/66/ac05b741c2129fdf668b85631d2268421c5cd1a9ff99be1674371139d665/zope.interface-7.2-cp313-cp313-manylinux_2_5_x86_64.manylinux1_x86_64.manylinux_2_17_x86_64.manylinux2014_x86_64.whl", hash = "sha256:a71a5b541078d0ebe373a81a3b7e71432c61d12e660f1d67896ca62d9628045b", size = 264696, upload-time = "2024-11-28T08:48:41.161Z" },
    { url = "https://files.pythonhosted.org/packages/0a/2f/1bccc6f4cc882662162a1158cda1a7f616add2ffe322b28c99cb031b4ffc/zope.interface-7.2-cp313-cp313-win_amd64.whl", hash = "sha256:4893395d5dd2ba655c38ceb13014fd65667740f09fa5bb01caa1e6284e48c0cd", size = 212472, upload-time = "2024-11-28T08:49:56.587Z" },
]
